
Microsoft Visual Studio Solution File, Format Version 12.00
# Visual Studio Version 17
VisualStudioVersion = 17.4.33213.308
MinimumVisualStudioVersion = 10.0.40219.1
Project("{9A19103F-16F7-4668-BE54-9A1E7A4F7556}") = "FlameCsv.Core", "src\Core\FlameCsv.Core.csproj", "{6BC229E7-192F-489E-A136-EE9FE2436E1F}"
EndProject
Project("{9A19103F-16F7-4668-BE54-9A1E7A4F7556}") = "FlameCsv.Tests", "test\Core\FlameCsv.Tests.csproj", "{98ED9090-FF17-4853-968B-17AF360DF86A}"
EndProject
Project("{9A19103F-16F7-4668-BE54-9A1E7A4F7556}") = "FlameCsv.Benchmark", "tools\Bench\FlameCsv.Benchmark.csproj", "{5C6A6EAD-B036-4651-BB21-3CFCB070AA70}"
EndProject
Project("{9A19103F-16F7-4668-BE54-9A1E7A4F7556}") = "FlameCsv.Console", "tools\Console\FlameCsv.Console.csproj", "{35BEA969-A448-4919-B491-B4715E6EB72F}"
EndProject
Project("{2150E333-8FDC-42A3-9474-1A3956D46DE8}") = "Solution Items", "Solution Items", "{201B06D2-D562-498F-A009-229E057EB861}"
	ProjectSection(SolutionItems) = preProject
		.editorconfig = .editorconfig
		.gitattributes = .gitattributes
		.gitignore = .gitignore
		Directory.Build.props = Directory.Build.props
		LICENSE.md = LICENSE.md
		README.md = README.md
		FlameCsv.sln.DotSettings = FlameCsv.sln.DotSettings
	EndProjectSection
EndProject
Project("{9A19103F-16F7-4668-BE54-9A1E7A4F7556}") = "FlameCsv.SourceGen", "src\SourceGen\FlameCsv.SourceGen.csproj", "{F8DBA184-0F95-4D52-947A-6E07FDE503BC}"
EndProject
Project("{FAE04EC0-301F-11D3-BF4B-00C04F79EFBC}") = "FlameCsv.Tests.SourceGen", "test\SourceGen\FlameCsv.Tests.SourceGen.csproj", "{B1759006-B31F-4E93-B711-96A64E7C6669}"
EndProject
Project("{FAE04EC0-301F-11D3-BF4B-00C04F79EFBC}") = "FlameCsv.Fuzzing", "tools\Fuzzing\FlameCsv.Fuzzing.csproj", "{2D54E5AB-D414-40B8-A901-D256C2AFC27C}"
EndProject
Project("{2150E333-8FDC-42A3-9474-1A3956D46DE8}") = "src", "src", "{827E0CD3-B72D-47B6-A68D-7590B98EB39B}"
	ProjectSection(SolutionItems) = preProject
		src\Directory.Build.props = src\Directory.Build.props
	EndProjectSection
EndProject
Project("{2150E333-8FDC-42A3-9474-1A3956D46DE8}") = "tools", "tools", "{07C2787E-EAC7-C090-1BA3-A61EC2A24D84}"
EndProject
Project("{2150E333-8FDC-42A3-9474-1A3956D46DE8}") = "test", "test", "{0C88DD14-F956-CE84-757C-A364CCF449FC}"
	ProjectSection(SolutionItems) = preProject
		test\Directory.Build.props = test\Directory.Build.props
		test\.editorconfig = test\.editorconfig
	EndProjectSection
EndProject
Project("{FAE04EC0-301F-11D3-BF4B-00C04F79EFBC}") = "FlameCsv.Tests.Lib", "test\Lib\FlameCsv.Tests.Lib.csproj", "{59F86B78-F628-4376-A2A5-4E57871AE2F0}"
EndProject
Project("{FAE04EC0-301F-11D3-BF4B-00C04F79EFBC}") = "FlameCsv.Tests.Writing", "test\Writing\FlameCsv.Tests.Writing.csproj", "{DC424700-DD61-4841-AFA2-E0722EB5DFCC}"
EndProject
Project("{FAE04EC0-301F-11D3-BF4B-00C04F79EFBC}") = "FlameCsv.Tests.Reading", "test\Reading\FlameCsv.Tests.Reading.csproj", "{6E149708-1FEA-4D49-BB8F-77DFAB820B2C}"
EndProject
Project("{FAE04EC0-301F-11D3-BF4B-00C04F79EFBC}") = "FlameCsv.Tests.Binding", "test\Binding\FlameCsv.Tests.Binding.csproj", "{7828141A-97A5-468B-8038-8AC8ECD75848}"
EndProject
Global
	GlobalSection(SolutionConfigurationPlatforms) = preSolution
		Debug|Any CPU = Debug|Any CPU
		Release|Any CPU = Release|Any CPU
	EndGlobalSection
	GlobalSection(ProjectConfigurationPlatforms) = postSolution
		{6BC229E7-192F-489E-A136-EE9FE2436E1F}.Debug|Any CPU.ActiveCfg = Debug|Any CPU
		{6BC229E7-192F-489E-A136-EE9FE2436E1F}.Debug|Any CPU.Build.0 = Debug|Any CPU
		{6BC229E7-192F-489E-A136-EE9FE2436E1F}.Release|Any CPU.ActiveCfg = Release|Any CPU
		{6BC229E7-192F-489E-A136-EE9FE2436E1F}.Release|Any CPU.Build.0 = Release|Any CPU
		{98ED9090-FF17-4853-968B-17AF360DF86A}.Debug|Any CPU.ActiveCfg = Debug|Any CPU
		{98ED9090-FF17-4853-968B-17AF360DF86A}.Debug|Any CPU.Build.0 = Debug|Any CPU
		{98ED9090-FF17-4853-968B-17AF360DF86A}.Release|Any CPU.ActiveCfg = Release|Any CPU
		{98ED9090-FF17-4853-968B-17AF360DF86A}.Release|Any CPU.Build.0 = Release|Any CPU
		{5C6A6EAD-B036-4651-BB21-3CFCB070AA70}.Debug|Any CPU.ActiveCfg = Debug|Any CPU
		{5C6A6EAD-B036-4651-BB21-3CFCB070AA70}.Debug|Any CPU.Build.0 = Debug|Any CPU
		{5C6A6EAD-B036-4651-BB21-3CFCB070AA70}.Release|Any CPU.ActiveCfg = Release|Any CPU
		{5C6A6EAD-B036-4651-BB21-3CFCB070AA70}.Release|Any CPU.Build.0 = Release|Any CPU
		{35BEA969-A448-4919-B491-B4715E6EB72F}.Debug|Any CPU.ActiveCfg = Debug|Any CPU
		{35BEA969-A448-4919-B491-B4715E6EB72F}.Debug|Any CPU.Build.0 = Debug|Any CPU
		{35BEA969-A448-4919-B491-B4715E6EB72F}.Release|Any CPU.ActiveCfg = Release|Any CPU
		{35BEA969-A448-4919-B491-B4715E6EB72F}.Release|Any CPU.Build.0 = Release|Any CPU
		{F8DBA184-0F95-4D52-947A-6E07FDE503BC}.Debug|Any CPU.ActiveCfg = Debug|Any CPU
		{F8DBA184-0F95-4D52-947A-6E07FDE503BC}.Debug|Any CPU.Build.0 = Debug|Any CPU
		{F8DBA184-0F95-4D52-947A-6E07FDE503BC}.Release|Any CPU.ActiveCfg = Release|Any CPU
		{F8DBA184-0F95-4D52-947A-6E07FDE503BC}.Release|Any CPU.Build.0 = Release|Any CPU
		{B1759006-B31F-4E93-B711-96A64E7C6669}.Debug|Any CPU.ActiveCfg = Debug|Any CPU
		{B1759006-B31F-4E93-B711-96A64E7C6669}.Debug|Any CPU.Build.0 = Debug|Any CPU
		{B1759006-B31F-4E93-B711-96A64E7C6669}.Release|Any CPU.ActiveCfg = Release|Any CPU
		{B1759006-B31F-4E93-B711-96A64E7C6669}.Release|Any CPU.Build.0 = Release|Any CPU
		{2D54E5AB-D414-40B8-A901-D256C2AFC27C}.Debug|Any CPU.ActiveCfg = Debug|Any CPU
		{2D54E5AB-D414-40B8-A901-D256C2AFC27C}.Debug|Any CPU.Build.0 = Debug|Any CPU
		{2D54E5AB-D414-40B8-A901-D256C2AFC27C}.Release|Any CPU.ActiveCfg = Release|Any CPU
		{2D54E5AB-D414-40B8-A901-D256C2AFC27C}.Release|Any CPU.Build.0 = Release|Any CPU
		{59F86B78-F628-4376-A2A5-4E57871AE2F0}.Debug|Any CPU.ActiveCfg = Debug|Any CPU
		{59F86B78-F628-4376-A2A5-4E57871AE2F0}.Debug|Any CPU.Build.0 = Debug|Any CPU
		{59F86B78-F628-4376-A2A5-4E57871AE2F0}.Release|Any CPU.ActiveCfg = Release|Any CPU
		{59F86B78-F628-4376-A2A5-4E57871AE2F0}.Release|Any CPU.Build.0 = Release|Any CPU
		{DC424700-DD61-4841-AFA2-E0722EB5DFCC}.Debug|Any CPU.ActiveCfg = Debug|Any CPU
		{DC424700-DD61-4841-AFA2-E0722EB5DFCC}.Debug|Any CPU.Build.0 = Debug|Any CPU
		{DC424700-DD61-4841-AFA2-E0722EB5DFCC}.Release|Any CPU.ActiveCfg = Release|Any CPU
		{DC424700-DD61-4841-AFA2-E0722EB5DFCC}.Release|Any CPU.Build.0 = Release|Any CPU
		{6E149708-1FEA-4D49-BB8F-77DFAB820B2C}.Debug|Any CPU.ActiveCfg = Debug|Any CPU
		{6E149708-1FEA-4D49-BB8F-77DFAB820B2C}.Debug|Any CPU.Build.0 = Debug|Any CPU
		{6E149708-1FEA-4D49-BB8F-77DFAB820B2C}.Release|Any CPU.ActiveCfg = Release|Any CPU
		{6E149708-1FEA-4D49-BB8F-77DFAB820B2C}.Release|Any CPU.Build.0 = Release|Any CPU
		{7828141A-97A5-468B-8038-8AC8ECD75848}.Debug|Any CPU.ActiveCfg = Debug|Any CPU
		{7828141A-97A5-468B-8038-8AC8ECD75848}.Debug|Any CPU.Build.0 = Debug|Any CPU
		{7828141A-97A5-468B-8038-8AC8ECD75848}.Release|Any CPU.ActiveCfg = Release|Any CPU
		{7828141A-97A5-468B-8038-8AC8ECD75848}.Release|Any CPU.Build.0 = Release|Any CPU
	EndGlobalSection
	GlobalSection(SolutionProperties) = preSolution
		HideSolutionNode = FALSE
	EndGlobalSection
	GlobalSection(ExtensibilityGlobals) = postSolution
		SolutionGuid = {28918099-6662-492C-A109-40030777CDD8}
	EndGlobalSection
	GlobalSection(NestedProjects) = preSolution
		{5C6A6EAD-B036-4651-BB21-3CFCB070AA70} = {07C2787E-EAC7-C090-1BA3-A61EC2A24D84}
		{35BEA969-A448-4919-B491-B4715E6EB72F} = {07C2787E-EAC7-C090-1BA3-A61EC2A24D84}
		{2D54E5AB-D414-40B8-A901-D256C2AFC27C} = {07C2787E-EAC7-C090-1BA3-A61EC2A24D84}
		{6BC229E7-192F-489E-A136-EE9FE2436E1F} = {827E0CD3-B72D-47B6-A68D-7590B98EB39B}
		{F8DBA184-0F95-4D52-947A-6E07FDE503BC} = {827E0CD3-B72D-47B6-A68D-7590B98EB39B}
		{B1759006-B31F-4E93-B711-96A64E7C6669} = {0C88DD14-F956-CE84-757C-A364CCF449FC}
		{98ED9090-FF17-4853-968B-17AF360DF86A} = {0C88DD14-F956-CE84-757C-A364CCF449FC}
		{59F86B78-F628-4376-A2A5-4E57871AE2F0} = {0C88DD14-F956-CE84-757C-A364CCF449FC}
		{DC424700-DD61-4841-AFA2-E0722EB5DFCC} = {0C88DD14-F956-CE84-757C-A364CCF449FC}
		{6E149708-1FEA-4D49-BB8F-77DFAB820B2C} = {0C88DD14-F956-CE84-757C-A364CCF449FC}
		{7828141A-97A5-468B-8038-8AC8ECD75848} = {0C88DD14-F956-CE84-757C-A364CCF449FC}
	EndGlobalSection
EndGlobal
